{
  "nodes": {
    "emacs": {
      "info": {
        "lastModified": 1594138944,
        "narHash": "sha256-xT+GGgO7OqDv7ylCJf+Za6qj/GEV6sJb/QtBS1OrAV4="
      },
      "locked": {
        "owner": "nix-community",
        "repo": "emacs-overlay",
        "rev": "de52b4dbdbdc1b3444670411fd5bfc2e5d036b01",
        "type": "github"
      },
      "original": {
        "owner": "nix-community",
        "repo": "emacs-overlay",
        "type": "github"
      }
    },
    "home": {
      "info": {
        "lastModified": 1591751635,
        "narHash": "sha256-KgGtyFlkI/fsp+j8VEgJ/ynY9B91aX35Xp04HlDLRTo="
      },
      "inputs": {
        "nixpkgs": "nixpkgs"
      },
      "locked": {
        "owner": "rycee",
        "repo": "home-manager",
        "rev": "b3fee796fcd5531693d9b84ece76ad6836bb1cfa",
        "type": "github"
      },
      "original": {
        "owner": "rycee",
        "ref": "bqv-flakes",
        "repo": "home-manager",
        "type": "github"
      }
    },
    "nixpkgs": {
      "info": {
        "lastModified": 1591748508,
        "narHash": "sha256-GdYYaYsSBgYUhbDT1JJQ7vEgo8FWeW/AW7/qqJuCvRA="
      },
      "locked": {
        "owner": "NixOS",
        "repo": "nixpkgs",
        "rev": "1d8c4410687390f9b8f92dbe6ff39fd8fc2b17c6",
        "type": "github"
      },
      "original": {
        "id": "nixpkgs",
        "type": "indirect"
      }
    },
    "nixpkgs_2": {
      "info": {
        "lastModified": 1596923262,
        "narHash": "sha256-Aoq5bzJEt5sI4Oj85DdC0fJOm/Z72fcImV7LinKF87E="
      },
      "locked": {
        "owner": "NixOS",
        "repo": "nixpkgs",
        "rev": "d3a1eb06ba4b4dba29b613af0f1cf3d94daca421",
        "type": "github"
      },
      "original": {
        "id": "nixpkgs",
        "ref": "release-20.03",
        "type": "indirect"
      }
    },
    "root": {
      "inputs": {
        "emacs": "emacs",
        "home": "home",
        "nixpkgs": "nixpkgs_2",
        "unstable": "unstable"
      }
    },
    "unstable": {
      "info": {
        "lastModified": 1596883819,
        "narHash": "sha256-CDKA9YUD6o/j7VR+ghUiJvbB7G1DRV3M6So237WX3Sw="
      },
      "locked": {
        "owner": "NixOS",
        "repo": "nixpkgs",
        "rev": "b50ef9afa11b384c72f7123ca4760ebc6d199fe8",
        "type": "github"
      },
      "original": {
        "id": "nixpkgs",
        "ref": "nixos-unstable",
        "type": "indirect"
      }
    }
  },
  "root": "root",
  "version": 5
}
