{
  "nodes": {
    "emacs": {
      "locked": {
        "lastModified": 1594138944,
        "narHash": "sha256-xT+GGgO7OqDv7ylCJf+Za6qj/GEV6sJb/QtBS1OrAV4=",
        "owner": "nix-community",
        "repo": "emacs-overlay",
        "rev": "de52b4dbdbdc1b3444670411fd5bfc2e5d036b01",
        "type": "github"
      },
      "original": {
        "owner": "nix-community",
        "repo": "emacs-overlay",
        "type": "github"
      }
    },
    "home": {
      "inputs": {
        "nixpkgs": "nixpkgs"
      },
      "locked": {
        "lastModified": 1591751635,
        "narHash": "sha256-KgGtyFlkI/fsp+j8VEgJ/ynY9B91aX35Xp04HlDLRTo=",
        "owner": "rycee",
        "repo": "home-manager",
        "rev": "b3fee796fcd5531693d9b84ece76ad6836bb1cfa",
        "type": "github"
      },
      "original": {
        "owner": "rycee",
        "ref": "bqv-flakes",
        "repo": "home-manager",
        "type": "github"
      }
    },
    "nixpkgs": {
      "locked": {
        "lastModified": 1591748508,
        "narHash": "sha256-GdYYaYsSBgYUhbDT1JJQ7vEgo8FWeW/AW7/qqJuCvRA=",
        "owner": "NixOS",
        "repo": "nixpkgs",
        "rev": "1d8c4410687390f9b8f92dbe6ff39fd8fc2b17c6",
        "type": "github"
      },
      "original": {
        "id": "nixpkgs",
        "type": "indirect"
      }
    },
    "nixpkgs_2": {
      "locked": {
        "lastModified": 1599838482,
        "narHash": "sha256-/KPP8TJs4xALM1lPYw2lpWwP0W/eC10gOm0NA+s0FGY=",
        "owner": "NixOS",
        "repo": "nixpkgs",
        "rev": "4ea5363034260c804e3b5a133799abd6bd667794",
        "type": "github"
      },
      "original": {
        "id": "nixpkgs",
        "ref": "release-20.03",
        "type": "indirect"
      }
    },
    "root": {
      "inputs": {
        "emacs": "emacs",
        "home": "home",
        "nixpkgs": "nixpkgs_2",
        "unstable": "unstable"
      }
    },
    "unstable": {
      "locked": {
        "lastModified": 1599510591,
        "narHash": "sha256-rx6LLVncYqChBVVNopRY7tn59aP4qPqNjsAxt2X6/L8=",
        "owner": "NixOS",
        "repo": "nixpkgs",
        "rev": "61525137fd1002f6f2a5eb0ea27d480713362cd5",
        "type": "github"
      },
      "original": {
        "id": "nixpkgs",
        "ref": "nixos-unstable",
        "type": "indirect"
      }
    }
  },
  "root": "root",
  "version": 7
}
